
Microsoft Visual Studio Solution File, Format Version 12.00
# Visual Studio 14
VisualStudioVersion = 14.0.23107.0
MinimumVisualStudioVersion = 10.0.40219.1
Project("{2150E333-8FDC-42A3-9474-1A3956D46DE8}") = "project", "project", "{7A66622C-5F9A-45FE-A81E-8519DAC031FD}"
	ProjectSection(SolutionItems) = preProject
		build.fsx = build.fsx
		RELEASE_NOTES.md = RELEASE_NOTES.md
		RunBenchmarks.fsx = RunBenchmarks.fsx
		nuget\SimpleSpeedTester.nuspec = nuget\SimpleSpeedTester.nuspec
	EndProjectSection
EndProject
Project("{FAE04EC0-301F-11D3-BF4B-00C04F79EFBC}") = "SimpleSpeedTester", "src\SimpleSpeedTester\SimpleSpeedTester.csproj", "{87B76A3E-3932-47F1-924D-C80A1AE92787}"
EndProject
Project("{2150E333-8FDC-42A3-9474-1A3956D46DE8}") = "tests", "tests", "{2ECDAF10-D790-4136-BB0E-A1DBD995D5A8}"
EndProject
Project("{FAE04EC0-301F-11D3-BF4B-00C04F79EFBC}") = "SimpleSpeedTester.Tests", "tests\SimpleSpeedTester.Tests\SimpleSpeedTester.Tests.csproj", "{242130B3-5940-4207-9EF8-476C8FF2FCDA}"
EndProject
Project("{2150E333-8FDC-42A3-9474-1A3956D46DE8}") = "examples", "examples", "{F891B8A3-232F-4736-9CF7-1C1D2BDCB6F8}"
EndProject
Project("{FAE04EC0-301F-11D3-BF4B-00C04F79EFBC}") = "SimpleSpeedTester.Example", "examples\SimpleSpeedTester.Example\SimpleSpeedTester.Example.csproj", "{7ADA7026-5757-4E93-AC72-D7E69DC08433}"
EndProject
Project("{FAE04EC0-301F-11D3-BF4B-00C04F79EFBC}") = "BinarySerializersBenchmark", "examples\BinarySerializersBenchmark\BinarySerializersBenchmark.csproj", "{564AA4F6-333F-41D2-B924-A07B3D449BDC}"
EndProject
Project("{FAE04EC0-301F-11D3-BF4B-00C04F79EFBC}") = "JsonSerializersBenchmark", "examples\JsonSerializersBenchmark\JsonSerializersBenchmark.csproj", "{65E36753-C531-417C-AA59-B99D10E68EE3}"
EndProject
Project("{FAE04EC0-301F-11D3-BF4B-00C04F79EFBC}") = "CollectionBenchmark", "examples\CollectionBenchmark\CollectionBenchmark.csproj", "{94F57EB2-21B7-42B3-A885-B2DE5EE74A10}"
EndProject
Project("{F2A71F9B-5D33-465A-A702-920D77279786}") = "TestRecord", "examples\TestRecord\TestRecord.fsproj", "{088C6FFB-7156-4172-96D8-32111C602067}"
EndProject
Project("{2150E333-8FDC-42A3-9474-1A3956D46DE8}") = ".paket", ".paket", "{B63C2F2F-2E55-4110-B181-FEF784BF8C5C}"
	ProjectSection(SolutionItems) = preProject
		paket.dependencies = paket.dependencies
		paket.lock = paket.lock
	EndProjectSection
EndProject
Project("{F2A71F9B-5D33-465A-A702-920D77279786}") = "JsonSerializersBenchmarkFs", "Examples\JsonSerializersBenchmarkFs\JsonSerializersBenchmarkFs.fsproj", "{4337FEE0-9C52-48B4-B232-5B9BC89556FA}"
EndProject
Global
	GlobalSection(SolutionConfigurationPlatforms) = preSolution
		Debug|Any CPU = Debug|Any CPU
		Debug|Mixed Platforms = Debug|Mixed Platforms
		Debug|x86 = Debug|x86
		Release|Any CPU = Release|Any CPU
		Release|Mixed Platforms = Release|Mixed Platforms
		Release|x86 = Release|x86
	EndGlobalSection
	GlobalSection(ProjectConfigurationPlatforms) = postSolution
		{87B76A3E-3932-47F1-924D-C80A1AE92787}.Debug|Any CPU.ActiveCfg = Debug|Any CPU
		{87B76A3E-3932-47F1-924D-C80A1AE92787}.Debug|Any CPU.Build.0 = Debug|Any CPU
		{87B76A3E-3932-47F1-924D-C80A1AE92787}.Debug|Mixed Platforms.ActiveCfg = Debug|Any CPU
		{87B76A3E-3932-47F1-924D-C80A1AE92787}.Debug|Mixed Platforms.Build.0 = Debug|Any CPU
		{87B76A3E-3932-47F1-924D-C80A1AE92787}.Debug|x86.ActiveCfg = Debug|Any CPU
		{87B76A3E-3932-47F1-924D-C80A1AE92787}.Release|Any CPU.ActiveCfg = Release|Any CPU
		{87B76A3E-3932-47F1-924D-C80A1AE92787}.Release|Any CPU.Build.0 = Release|Any CPU
		{87B76A3E-3932-47F1-924D-C80A1AE92787}.Release|Mixed Platforms.ActiveCfg = Release|Any CPU
		{87B76A3E-3932-47F1-924D-C80A1AE92787}.Release|Mixed Platforms.Build.0 = Release|Any CPU
		{87B76A3E-3932-47F1-924D-C80A1AE92787}.Release|x86.ActiveCfg = Release|Any CPU
		{242130B3-5940-4207-9EF8-476C8FF2FCDA}.Debug|Any CPU.ActiveCfg = Debug|Any CPU
		{242130B3-5940-4207-9EF8-476C8FF2FCDA}.Debug|Any CPU.Build.0 = Debug|Any CPU
		{242130B3-5940-4207-9EF8-476C8FF2FCDA}.Debug|Mixed Platforms.ActiveCfg = Debug|Any CPU
		{242130B3-5940-4207-9EF8-476C8FF2FCDA}.Debug|Mixed Platforms.Build.0 = Debug|Any CPU
		{242130B3-5940-4207-9EF8-476C8FF2FCDA}.Debug|x86.ActiveCfg = Debug|Any CPU
		{242130B3-5940-4207-9EF8-476C8FF2FCDA}.Release|Any CPU.ActiveCfg = Release|Any CPU
		{242130B3-5940-4207-9EF8-476C8FF2FCDA}.Release|Any CPU.Build.0 = Release|Any CPU
		{242130B3-5940-4207-9EF8-476C8FF2FCDA}.Release|Mixed Platforms.ActiveCfg = Release|Any CPU
		{242130B3-5940-4207-9EF8-476C8FF2FCDA}.Release|Mixed Platforms.Build.0 = Release|Any CPU
		{242130B3-5940-4207-9EF8-476C8FF2FCDA}.Release|x86.ActiveCfg = Release|Any CPU
		{7ADA7026-5757-4E93-AC72-D7E69DC08433}.Debug|Any CPU.ActiveCfg = Debug|x86
		{7ADA7026-5757-4E93-AC72-D7E69DC08433}.Debug|Mixed Platforms.ActiveCfg = Debug|x86
		{7ADA7026-5757-4E93-AC72-D7E69DC08433}.Debug|Mixed Platforms.Build.0 = Debug|x86
		{7ADA7026-5757-4E93-AC72-D7E69DC08433}.Debug|x86.ActiveCfg = Debug|x86
		{7ADA7026-5757-4E93-AC72-D7E69DC08433}.Debug|x86.Build.0 = Debug|x86
		{7ADA7026-5757-4E93-AC72-D7E69DC08433}.Release|Any CPU.ActiveCfg = Release|x86
		{7ADA7026-5757-4E93-AC72-D7E69DC08433}.Release|Mixed Platforms.ActiveCfg = Release|x86
		{7ADA7026-5757-4E93-AC72-D7E69DC08433}.Release|Mixed Platforms.Build.0 = Release|x86
		{7ADA7026-5757-4E93-AC72-D7E69DC08433}.Release|x86.ActiveCfg = Release|x86
		{7ADA7026-5757-4E93-AC72-D7E69DC08433}.Release|x86.Build.0 = Release|x86
		{564AA4F6-333F-41D2-B924-A07B3D449BDC}.Debug|Any CPU.ActiveCfg = Debug|Any CPU
		{564AA4F6-333F-41D2-B924-A07B3D449BDC}.Debug|Any CPU.Build.0 = Debug|Any CPU
		{564AA4F6-333F-41D2-B924-A07B3D449BDC}.Debug|Mixed Platforms.ActiveCfg = Debug|Any CPU
		{564AA4F6-333F-41D2-B924-A07B3D449BDC}.Debug|Mixed Platforms.Build.0 = Debug|Any CPU
		{564AA4F6-333F-41D2-B924-A07B3D449BDC}.Debug|x86.ActiveCfg = Debug|Any CPU
		{564AA4F6-333F-41D2-B924-A07B3D449BDC}.Release|Any CPU.ActiveCfg = Release|Any CPU
		{564AA4F6-333F-41D2-B924-A07B3D449BDC}.Release|Any CPU.Build.0 = Release|Any CPU
		{564AA4F6-333F-41D2-B924-A07B3D449BDC}.Release|Mixed Platforms.ActiveCfg = Release|Any CPU
		{564AA4F6-333F-41D2-B924-A07B3D449BDC}.Release|Mixed Platforms.Build.0 = Release|Any CPU
		{564AA4F6-333F-41D2-B924-A07B3D449BDC}.Release|x86.ActiveCfg = Release|Any CPU
		{65E36753-C531-417C-AA59-B99D10E68EE3}.Debug|Any CPU.ActiveCfg = Debug|Any CPU
		{65E36753-C531-417C-AA59-B99D10E68EE3}.Debug|Any CPU.Build.0 = Debug|Any CPU
		{65E36753-C531-417C-AA59-B99D10E68EE3}.Debug|Mixed Platforms.ActiveCfg = Debug|Any CPU
		{65E36753-C531-417C-AA59-B99D10E68EE3}.Debug|Mixed Platforms.Build.0 = Debug|Any CPU
		{65E36753-C531-417C-AA59-B99D10E68EE3}.Debug|x86.ActiveCfg = Debug|Any CPU
		{65E36753-C531-417C-AA59-B99D10E68EE3}.Release|Any CPU.ActiveCfg = Release|Any CPU
		{65E36753-C531-417C-AA59-B99D10E68EE3}.Release|Any CPU.Build.0 = Release|Any CPU
		{65E36753-C531-417C-AA59-B99D10E68EE3}.Release|Mixed Platforms.ActiveCfg = Release|Any CPU
		{65E36753-C531-417C-AA59-B99D10E68EE3}.Release|Mixed Platforms.Build.0 = Release|Any CPU
		{65E36753-C531-417C-AA59-B99D10E68EE3}.Release|x86.ActiveCfg = Release|Any CPU
		{94F57EB2-21B7-42B3-A885-B2DE5EE74A10}.Debug|Any CPU.ActiveCfg = Debug|Any CPU
		{94F57EB2-21B7-42B3-A885-B2DE5EE74A10}.Debug|Any CPU.Build.0 = Debug|Any CPU
		{94F57EB2-21B7-42B3-A885-B2DE5EE74A10}.Debug|Mixed Platforms.ActiveCfg = Debug|Any CPU
		{94F57EB2-21B7-42B3-A885-B2DE5EE74A10}.Debug|Mixed Platforms.Build.0 = Debug|Any CPU
		{94F57EB2-21B7-42B3-A885-B2DE5EE74A10}.Debug|x86.ActiveCfg = Debug|Any CPU
		{94F57EB2-21B7-42B3-A885-B2DE5EE74A10}.Release|Any CPU.ActiveCfg = Release|Any CPU
		{94F57EB2-21B7-42B3-A885-B2DE5EE74A10}.Release|Any CPU.Build.0 = Release|Any CPU
		{94F57EB2-21B7-42B3-A885-B2DE5EE74A10}.Release|Mixed Platforms.ActiveCfg = Release|Any CPU
		{94F57EB2-21B7-42B3-A885-B2DE5EE74A10}.Release|Mixed Platforms.Build.0 = Release|Any CPU
		{94F57EB2-21B7-42B3-A885-B2DE5EE74A10}.Release|x86.ActiveCfg = Release|Any CPU
		{088C6FFB-7156-4172-96D8-32111C602067}.Debug|Any CPU.ActiveCfg = Debug|Any CPU
		{088C6FFB-7156-4172-96D8-32111C602067}.Debug|Any CPU.Build.0 = Debug|Any CPU
		{088C6FFB-7156-4172-96D8-32111C602067}.Debug|Mixed Platforms.ActiveCfg = Debug|Any CPU
		{088C6FFB-7156-4172-96D8-32111C602067}.Debug|Mixed Platforms.Build.0 = Debug|Any CPU
		{088C6FFB-7156-4172-96D8-32111C602067}.Debug|x86.ActiveCfg = Debug|Any CPU
		{088C6FFB-7156-4172-96D8-32111C602067}.Release|Any CPU.ActiveCfg = Release|Any CPU
		{088C6FFB-7156-4172-96D8-32111C602067}.Release|Any CPU.Build.0 = Release|Any CPU
		{088C6FFB-7156-4172-96D8-32111C602067}.Release|Mixed Platforms.ActiveCfg = Release|Any CPU
		{088C6FFB-7156-4172-96D8-32111C602067}.Release|Mixed Platforms.Build.0 = Release|Any CPU
		{088C6FFB-7156-4172-96D8-32111C602067}.Release|x86.ActiveCfg = Release|Any CPU
		{4337FEE0-9C52-48B4-B232-5B9BC89556FA}.Debug|Any CPU.ActiveCfg = Debug|Any CPU
		{4337FEE0-9C52-48B4-B232-5B9BC89556FA}.Debug|Any CPU.Build.0 = Debug|Any CPU
		{4337FEE0-9C52-48B4-B232-5B9BC89556FA}.Debug|Mixed Platforms.ActiveCfg = Debug|Any CPU
		{4337FEE0-9C52-48B4-B232-5B9BC89556FA}.Debug|Mixed Platforms.Build.0 = Debug|Any CPU
		{4337FEE0-9C52-48B4-B232-5B9BC89556FA}.Debug|x86.ActiveCfg = Debug|Any CPU
		{4337FEE0-9C52-48B4-B232-5B9BC89556FA}.Debug|x86.Build.0 = Debug|Any CPU
		{4337FEE0-9C52-48B4-B232-5B9BC89556FA}.Release|Any CPU.ActiveCfg = Release|Any CPU
		{4337FEE0-9C52-48B4-B232-5B9BC89556FA}.Release|Any CPU.Build.0 = Release|Any CPU
		{4337FEE0-9C52-48B4-B232-5B9BC89556FA}.Release|Mixed Platforms.ActiveCfg = Release|Any CPU
		{4337FEE0-9C52-48B4-B232-5B9BC89556FA}.Release|Mixed Platforms.Build.0 = Release|Any CPU
		{4337FEE0-9C52-48B4-B232-5B9BC89556FA}.Release|x86.ActiveCfg = Release|Any CPU
		{4337FEE0-9C52-48B4-B232-5B9BC89556FA}.Release|x86.Build.0 = Release|Any CPU
	EndGlobalSection
	GlobalSection(SolutionProperties) = preSolution
		HideSolutionNode = FALSE
	EndGlobalSection
	GlobalSection(NestedProjects) = preSolution
		{242130B3-5940-4207-9EF8-476C8FF2FCDA} = {2ECDAF10-D790-4136-BB0E-A1DBD995D5A8}
		{7ADA7026-5757-4E93-AC72-D7E69DC08433} = {F891B8A3-232F-4736-9CF7-1C1D2BDCB6F8}
		{564AA4F6-333F-41D2-B924-A07B3D449BDC} = {F891B8A3-232F-4736-9CF7-1C1D2BDCB6F8}
		{65E36753-C531-417C-AA59-B99D10E68EE3} = {F891B8A3-232F-4736-9CF7-1C1D2BDCB6F8}
		{94F57EB2-21B7-42B3-A885-B2DE5EE74A10} = {F891B8A3-232F-4736-9CF7-1C1D2BDCB6F8}
		{4337FEE0-9C52-48B4-B232-5B9BC89556FA} = {F891B8A3-232F-4736-9CF7-1C1D2BDCB6F8}
	EndGlobalSection
EndGlobal
